
Microsoft Visual Studio Solution File, Format Version 12.00
# Visual Studio Version 17
VisualStudioVersion = 17.9.34622.214
MinimumVisualStudioVersion = 10.0.40219.1
Project("{FAE04EC0-301F-11D3-BF4B-00C04F79EFBC}") = "Boucles", "Boucles.csproj", "{6CD4C89F-6616-4327-B112-32EE790A517A}"
EndProject
Global
	GlobalSection(SolutionConfigurationPlatforms) = preSolution
		Debug|Any CPU = Debug|Any CPU
		Release|Any CPU = Release|Any CPU
	EndGlobalSection
	GlobalSection(ProjectConfigurationPlatforms) = postSolution
		{6CD4C89F-6616-4327-B112-32EE790A517A}.Debug|Any CPU.ActiveCfg = Debug|Any CPU
		{6CD4C89F-6616-4327-B112-32EE790A517A}.Debug|Any CPU.Build.0 = Debug|Any CPU
		{6CD4C89F-6616-4327-B112-32EE790A517A}.Release|Any CPU.ActiveCfg = Release|Any CPU
		{6CD4C89F-6616-4327-B112-32EE790A517A}.Release|Any CPU.Build.0 = Release|Any CPU
	EndGlobalSection
	GlobalSection(SolutionProperties) = preSolution
		HideSolutionNode = FALSE
	EndGlobalSection
	GlobalSection(ExtensibilityGlobals) = postSolution
		SolutionGuid = {8E8E7E2C-E43E-4044-9627-EB1EDB9B2B3B}
	EndGlobalSection
EndGlobal
